("quicklisp" .
 (:class qlot.source.ql:source-ql-all
  :initargs (:project-name "quicklisp" :%version :latest)
  :version "2018-12-10"))
("ps-experiment" .
 (:class qlot.source.github:source-github
  :initargs (:project-name "ps-experiment" :repos "eshamster/ps-experiment" :ref nil :branch nil :tag nil)
  :version "github-347249e4d99ada0884e99ee3eb2217ae4e71e490"
  :repos "eshamster/ps-experiment"
  :url "https://github.com/eshamster/ps-experiment/archive/347249e4d99ada0884e99ee3eb2217ae4e71e490.tar.gz"
  :ref "347249e4d99ada0884e99ee3eb2217ae4e71e490"))
("cl-ps-ecs" .
 (:class qlot.source.github:source-github
  :initargs (:project-name "cl-ps-ecs" :repos "eshamster/cl-ps-ecs" :ref nil :branch nil :tag nil)
  :version "github-f85bcb675e4b76d235c2f76cf6d57e6e62d0901a"
  :repos "eshamster/cl-ps-ecs"
  :url "https://github.com/eshamster/cl-ps-ecs/archive/f85bcb675e4b76d235c2f76cf6d57e6e62d0901a.tar.gz"
  :ref "f85bcb675e4b76d235c2f76cf6d57e6e62d0901a"))
("cl-web-2d-game" .
 (:class qlot.source.github:source-github
  :initargs (:project-name "cl-web-2d-game" :repos "eshamster/cl-web-2d-game" :ref nil :branch nil :tag nil)
  :version "github-866acc3669da33834eea47370122179628d2a4bb"
  :repos "eshamster/cl-web-2d-game"
  :url "https://github.com/eshamster/cl-web-2d-game/archive/866acc3669da33834eea47370122179628d2a4bb.tar.gz"
  :ref "866acc3669da33834eea47370122179628d2a4bb"))
