("quicklisp" .
 (:class qlot.source.ql:source-ql-all
  :initargs (:distribution "http://beta.quicklisp.org/dist/quicklisp.txt" :%version :latest)
  :version "2019-02-02"))
("ps-experiment" .
 (:class qlot.source.github:source-github
  :initargs (:project-name "ps-experiment" :repos "eshamster/ps-experiment" :ref nil :branch nil :tag nil)
  :version "github-931224b16e08943d1d982b4eaa6894757d682a84"
  :repos "eshamster/ps-experiment"
  :url "https://github.com/eshamster/ps-experiment/archive/931224b16e08943d1d982b4eaa6894757d682a84.tar.gz"
  :ref "931224b16e08943d1d982b4eaa6894757d682a84"))
("cl-ps-ecs" .
 (:class qlot.source.github:source-github
  :initargs (:project-name "cl-ps-ecs" :repos "eshamster/cl-ps-ecs" :ref nil :branch nil :tag nil)
  :version "github-f85bcb675e4b76d235c2f76cf6d57e6e62d0901a"
  :repos "eshamster/cl-ps-ecs"
  :url "https://github.com/eshamster/cl-ps-ecs/archive/f85bcb675e4b76d235c2f76cf6d57e6e62d0901a.tar.gz"
  :ref "f85bcb675e4b76d235c2f76cf6d57e6e62d0901a"))
("cl-web-2d-game" .
 (:class qlot.source.github:source-github
  :initargs (:project-name "cl-web-2d-game" :repos "eshamster/cl-web-2d-game" :ref nil :branch nil :tag nil)
  :version "github-19d643160ddba21a0ea96ae987a577a75b06ff40"
  :repos "eshamster/cl-web-2d-game"
  :url "https://github.com/eshamster/cl-web-2d-game/archive/19d643160ddba21a0ea96ae987a577a75b06ff40.tar.gz"
  :ref "19d643160ddba21a0ea96ae987a577a75b06ff40"))
